
Microsoft Visual Studio Solution File, Format Version 12.00
# Visual Studio Version 18
VisualStudioVersion = 18.4.11605.240 stable
MinimumVisualStudioVersion = 10.0.40219.1
Project("{FAE04EC0-301F-11D3-BF4B-00C04F79EFBC}") = "CheersApi", "CheersApi.csproj", "{826251F7-664C-2726-0C7D-69D646A3C15C}"
EndProject
Global
	GlobalSection(SolutionConfigurationPlatforms) = preSolution
		Debug|Any CPU = Debug|Any CPU
		Release|Any CPU = Release|Any CPU
	EndGlobalSection
	GlobalSection(ProjectConfigurationPlatforms) = postSolution
		{826251F7-664C-2726-0C7D-69D646A3C15C}.Debug|Any CPU.ActiveCfg = Debug|Any CPU
		{826251F7-664C-2726-0C7D-69D646A3C15C}.Debug|Any CPU.Build.0 = Debug|Any CPU
		{826251F7-664C-2726-0C7D-69D646A3C15C}.Release|Any CPU.ActiveCfg = Release|Any CPU
		{826251F7-664C-2726-0C7D-69D646A3C15C}.Release|Any CPU.Build.0 = Release|Any CPU
	EndGlobalSection
	GlobalSection(SolutionProperties) = preSolution
		HideSolutionNode = FALSE
	EndGlobalSection
	GlobalSection(ExtensibilityGlobals) = postSolution
		SolutionGuid = {AECED6D7-3FBA-462A-B0DC-96F5F067033B}
	EndGlobalSection
EndGlobal
